// !$*UTF8*$!
{
	archiveVersion = 1;
	classes = {
	};
	objectVersion = 50;
	objects = {

/* Begin PBXBuildFile section */
		FABCF833264D657E00F1AA51 /* AppDelegate.swift in Sources */ = {isa = PBXBuildFile; fileRef = FABCF832264D657E00F1AA51 /* AppDelegate.swift */; };
		FABCF835264D657E00F1AA51 /* SceneDelegate.swift in Sources */ = {isa = PBXBuildFile; fileRef = FABCF834264D657E00F1AA51 /* SceneDelegate.swift */; };
		FABCF837264D657E00F1AA51 /* TestViewController.swift in Sources */ = {isa = PBXBuildFile; fileRef = FABCF836264D657E00F1AA51 /* TestViewController.swift */; };
		FABCF83A264D657E00F1AA51 /* Main.storyboard in Resources */ = {isa = PBXBuildFile; fileRef = FABCF838264D657E00F1AA51 /* Main.storyboard */; };
		FABCF83C264D658100F1AA51 /* Assets.xcassets in Resources */ = {isa = PBXBuildFile; fileRef = FABCF83B264D658100F1AA51 /* Assets.xcassets */; };
		FABCF83F264D658100F1AA51 /* LaunchScreen.storyboard in Resources */ = {isa = PBXBuildFile; fileRef = FABCF83D264D658100F1AA51 /* LaunchScreen.storyboard */; };
		FABCF849264D682900F1AA51 /* TestPresenter.swift in Sources */ = {isa = PBXBuildFile; fileRef = FABCF848264D682900F1AA51 /* TestPresenter.swift */; };
		FABCF84B264D683F00F1AA51 /* TestInteractor.swift in Sources */ = {isa = PBXBuildFile; fileRef = FABCF84A264D683F00F1AA51 /* TestInteractor.swift */; };
		FABCF84D264D685200F1AA51 /* TestRouter.swift in Sources */ = {isa = PBXBuildFile; fileRef = FABCF84C264D685200F1AA51 /* TestRouter.swift */; };
		FABCF84F264D686A00F1AA51 /* TestConfigurator.swift in Sources */ = {isa = PBXBuildFile; fileRef = FABCF84E264D686A00F1AA51 /* TestConfigurator.swift */; };
		FABCF851264D71F000F1AA51 /* Service.swift in Sources */ = {isa = PBXBuildFile; fileRef = FABCF850264D71F000F1AA51 /* Service.swift */; };
		FABCF853264D76B100F1AA51 /* SecondViewController.swift in Sources */ = {isa = PBXBuildFile; fileRef = FABCF852264D76B100F1AA51 /* SecondViewController.swift */; };
/* End PBXBuildFile section */

/* Begin PBXFileReference section */
		FABCF82F264D657E00F1AA51 /* Viper_test.app */ = {isa = PBXFileReference; explicitFileType = wrapper.application; includeInIndex = 0; path = Viper_test.app; sourceTree = BUILT_PRODUCTS_DIR; };
		FABCF832264D657E00F1AA51 /* AppDelegate.swift */ = {isa = PBXFileReference; lastKnownFileType = sourcecode.swift; path = AppDelegate.swift; sourceTree = "<group>"; };
		FABCF834264D657E00F1AA51 /* SceneDelegate.swift */ = {isa = PBXFileReference; lastKnownFileType = sourcecode.swift; path = SceneDelegate.swift; sourceTree = "<group>"; };
		FABCF836264D657E00F1AA51 /* TestViewController.swift */ = {isa = PBXFileReference; lastKnownFileType = sourcecode.swift; path = TestViewController.swift; sourceTree = "<group>"; };
		FABCF839264D657E00F1AA51 /* Base */ = {isa = PBXFileReference; lastKnownFileType = file.storyboard; name = Base; path = Base.lproj/Main.storyboard; sourceTree = "<group>"; };
		FABCF83B264D658100F1AA51 /* Assets.xcassets */ = {isa = PBXFileReference; lastKnownFileType = folder.assetcatalog; path = Assets.xcassets; sourceTree = "<group>"; };
		FABCF83E264D658100F1AA51 /* Base */ = {isa = PBXFileReference; lastKnownFileType = file.storyboard; name = Base; path = Base.lproj/LaunchScreen.storyboard; sourceTree = "<group>"; };
		FABCF840264D658100F1AA51 /* Info.plist */ = {isa = PBXFileReference; lastKnownFileType = text.plist.xml; path = Info.plist; sourceTree = "<group>"; };
		FABCF848264D682900F1AA51 /* TestPresenter.swift */ = {isa = PBXFileReference; lastKnownFileType = sourcecode.swift; path = TestPresenter.swift; sourceTree = "<group>"; };
		FABCF84A264D683F00F1AA51 /* TestInteractor.swift */ = {isa = PBXFileReference; lastKnownFileType = sourcecode.swift; path = TestInteractor.swift; sourceTree = "<group>"; };
		FABCF84C264D685200F1AA51 /* TestRouter.swift */ = {isa = PBXFileReference; lastKnownFileType = sourcecode.swift; path = TestRouter.swift; sourceTree = "<group>"; };
		FABCF84E264D686A00F1AA51 /* TestConfigurator.swift */ = {isa = PBXFileReference; lastKnownFileType = sourcecode.swift; path = TestConfigurator.swift; sourceTree = "<group>"; };
		FABCF850264D71F000F1AA51 /* Service.swift */ = {isa = PBXFileReference; lastKnownFileType = sourcecode.swift; path = Service.swift; sourceTree = "<group>"; };
		FABCF852264D76B100F1AA51 /* SecondViewController.swift */ = {isa = PBXFileReference; lastKnownFileType = sourcecode.swift; path = SecondViewController.swift; sourceTree = "<group>"; };
/* End PBXFileReference section */

/* Begin PBXFrameworksBuildPhase section */
		FABCF82C264D657E00F1AA51 /* Frameworks */ = {
			isa = PBXFrameworksBuildPhase;
			buildActionMask = 2147483647;
			files = (
			);
			runOnlyForDeploymentPostprocessing = 0;
		};
/* End PBXFrameworksBuildPhase section */

/* Begin PBXGroup section */
		FABCF826264D657D00F1AA51 = {
			isa = PBXGroup;
			children = (
				FABCF831264D657E00F1AA51 /* Viper_test */,
				FABCF830264D657E00F1AA51 /* Products */,
			);
			sourceTree = "<group>";
		};
		FABCF830264D657E00F1AA51 /* Products */ = {
			isa = PBXGroup;
			children = (
				FABCF82F264D657E00F1AA51 /* Viper_test.app */,
			);
			name = Products;
			sourceTree = "<group>";
		};
		FABCF831264D657E00F1AA51 /* Viper_test */ = {
			isa = PBXGroup;
			children = (
				FABCF846264D659400F1AA51 /* Modules */,
				FABCF832264D657E00F1AA51 /* AppDelegate.swift */,
				FABCF834264D657E00F1AA51 /* SceneDelegate.swift */,
				FABCF838264D657E00F1AA51 /* Main.storyboard */,
				FABCF83B264D658100F1AA51 /* Assets.xcassets */,
				FABCF83D264D658100F1AA51 /* LaunchScreen.storyboard */,
				FABCF840264D658100F1AA51 /* Info.plist */,
			);
			path = Viper_test;
			sourceTree = "<group>";
		};
		FABCF846264D659400F1AA51 /* Modules */ = {
			isa = PBXGroup;
			children = (
				FABCF847264D659D00F1AA51 /* Test */,
				FABCF852264D76B100F1AA51 /* SecondViewController.swift */,
			);
			path = Modules;
			sourceTree = "<group>";
		};
		FABCF847264D659D00F1AA51 /* Test */ = {
			isa = PBXGroup;
			children = (
				FABCF836264D657E00F1AA51 /* TestViewController.swift */,
				FABCF848264D682900F1AA51 /* TestPresenter.swift */,
				FABCF84A264D683F00F1AA51 /* TestInteractor.swift */,
				FABCF84C264D685200F1AA51 /* TestRouter.swift */,
				FABCF84E264D686A00F1AA51 /* TestConfigurator.swift */,
				FABCF850264D71F000F1AA51 /* Service.swift */,
			);
			path = Test;
			sourceTree = "<group>";
		};
/* End PBXGroup section */

/* Begin PBXNativeTarget section */
		FABCF82E264D657E00F1AA51 /* Viper_test */ = {
			isa = PBXNativeTarget;
			buildConfigurationList = FABCF843264D658100F1AA51 /* Build configuration list for PBXNativeTarget "Viper_test" */;
			buildPhases = (
				FABCF82B264D657E00F1AA51 /* Sources */,
				FABCF82C264D657E00F1AA51 /* Frameworks */,
				FABCF82D264D657E00F1AA51 /* Resources */,
			);
			buildRules = (
			);
			dependencies = (
			);
			name = Viper_test;
			productName = Viper_test;
			productReference = FABCF82F264D657E00F1AA51 /* Viper_test.app */;
			productType = "com.apple.product-type.application";
		};
/* End PBXNativeTarget section */

/* Begin PBXProject section */
		FABCF827264D657D00F1AA51 /* Project object */ = {
			isa = PBXProject;
			attributes = {
				LastSwiftUpdateCheck = 1250;
				LastUpgradeCheck = 1250;
				TargetAttributes = {
					FABCF82E264D657E00F1AA51 = {
						CreatedOnToolsVersion = 12.5;
					};
				};
			};
			buildConfigurationList = FABCF82A264D657D00F1AA51 /* Build configuration list for PBXProject "Viper_test" */;
			compatibilityVersion = "Xcode 9.3";
			developmentRegion = en;
			hasScannedForEncodings = 0;
			knownRegions = (
				en,
				Base,
			);
			mainGroup = FABCF826264D657D00F1AA51;
			productRefGroup = FABCF830264D657E00F1AA51 /* Products */;
			projectDirPath = "";
			projectRoot = "";
			targets = (
				FABCF82E264D657E00F1AA51 /* Viper_test */,
			);
		};
/* End PBXProject section */

/* Begin PBXResourcesBuildPhase section */
		FABCF82D264D657E00F1AA51 /* Resources */ = {
			isa = PBXResourcesBuildPhase;
			buildActionMask = 2147483647;
			files = (
				FABCF83F264D658100F1AA51 /* LaunchScreen.storyboard in Resources */,
				FABCF83C264D658100F1AA51 /* Assets.xcassets in Resources */,
				FABCF83A264D657E00F1AA51 /* Main.storyboard in Resources */,
			);
			runOnlyForDeploymentPostprocessing = 0;
		};
/* End PBXResourcesBuildPhase section */

/* Begin PBXSourcesBuildPhase section */
		FABCF82B264D657E00F1AA51 /* Sources */ = {
			isa = PBXSourcesBuildPhase;
			buildActionMask = 2147483647;
			files = (
				FABCF837264D657E00F1AA51 /* TestViewController.swift in Sources */,
				FABCF851264D71F000F1AA51 /* Service.swift in Sources */,
				FABCF833264D657E00F1AA51 /* AppDelegate.swift in Sources */,
				FABCF853264D76B100F1AA51 /* SecondViewController.swift in Sources */,
				FABCF84F264D686A00F1AA51 /* TestConfigurator.swift in Sources */,
				FABCF84D264D685200F1AA51 /* TestRouter.swift in Sources */,
				FABCF849264D682900F1AA51 /* TestPresenter.swift in Sources */,
				FABCF835264D657E00F1AA51 /* SceneDelegate.swift in Sources */,
				FABCF84B264D683F00F1AA51 /* TestInteractor.swift in Sources */,
			);
			runOnlyForDeploymentPostprocessing = 0;
		};
/* End PBXSourcesBuildPhase section */

/* Begin PBXVariantGroup section */
		FABCF838264D657E00F1AA51 /* Main.storyboard */ = {
			isa = PBXVariantGroup;
			children = (
				FABCF839264D657E00F1AA51 /* Base */,
			);
			name = Main.storyboard;
			sourceTree = "<group>";
		};
		FABCF83D264D658100F1AA51 /* LaunchScreen.storyboard */ = {
			isa = PBXVariantGroup;
			children = (
				FABCF83E264D658100F1AA51 /* Base */,
			);
			name = LaunchScreen.storyboard;
			sourceTree = "<group>";
		};
/* End PBXVariantGroup section */

/* Begin XCBuildConfiguration section */
		FABCF841264D658100F1AA51 /* Debug */ = {
			isa = XCBuildConfiguration;
			buildSettings = {
				ALWAYS_SEARCH_USER_PATHS = NO;
				CLANG_ANALYZER_NONNULL = YES;
				CLANG_ANALYZER_NUMBER_OBJECT_CONVERSION = YES_AGGRESSIVE;
				CLANG_CXX_LANGUAGE_STANDARD = "gnu++14";
				CLANG_CXX_LIBRARY = "libc++";
				CLANG_ENABLE_MODULES = YES;
				CLANG_ENABLE_OBJC_ARC = YES;
				CLANG_ENABLE_OBJC_WEAK = YES;
				CLANG_WARN_BLOCK_CAPTURE_AUTORELEASING = YES;
				CLANG_WARN_BOOL_CONVERSION = YES;
				CLANG_WARN_COMMA = YES;
				CLANG_WARN_CONSTANT_CONVERSION = YES;
				CLANG_WARN_DEPRECATED_OBJC_IMPLEMENTATIONS = YES;
				CLANG_WARN_DIRECT_OBJC_ISA_USAGE = YES_ERROR;
				CLANG_WARN_DOCUMENTATION_COMMENTS = YES;
				CLANG_WARN_EMPTY_BODY = YES;
				CLANG_WARN_ENUM_CONVERSION = YES;
				CLANG_WARN_INFINITE_RECURSION = YES;
				CLANG_WARN_INT_CONVERSION = YES;
				CLANG_WARN_NON_LITERAL_NULL_CONVERSION = YES;
				CLANG_WARN_OBJC_IMPLICIT_RETAIN_SELF = YES;
				CLANG_WARN_OBJC_LITERAL_CONVERSION = YES;
				CLANG_WARN_OBJC_ROOT_CLASS = YES_ERROR;
				CLANG_WARN_QUOTED_INCLUDE_IN_FRAMEWORK_HEADER = YES;
				CLANG_WARN_RANGE_LOOP_ANALYSIS = YES;
				CLANG_WARN_STRICT_PROTOTYPES = YES;
				CLANG_WARN_SUSPICIOUS_MOVE = YES;
				CLANG_WARN_UNGUARDED_AVAILABILITY = YES_AGGRESSIVE;
				CLANG_WARN_UNREACHABLE_CODE = YES;
				CLANG_WARN__DUPLICATE_METHOD_MATCH = YES;
				COPY_PHASE_STRIP = NO;
				DEBUG_INFORMATION_FORMAT = dwarf;
				ENABLE_STRICT_OBJC_MSGSEND = YES;
				ENABLE_TESTABILITY = YES;
				GCC_C_LANGUAGE_STANDARD = gnu11;
				GCC_DYNAMIC_NO_PIC = NO;
				GCC_NO_COMMON_BLOCKS = YES;
				GCC_OPTIMIZATION_LEVEL = 0;
				GCC_PREPROCESSOR_DEFINITIONS = (
					"DEBUG=1",
					"$(inherited)",
				);
				GCC_WARN_64_TO_32_BIT_CONVERSION = YES;
				GCC_WARN_ABOUT_RETURN_TYPE = YES_ERROR;
				GCC_WARN_UNDECLARED_SELECTOR = YES;
				GCC_WARN_UNINITIALIZED_AUTOS = YES_AGGRESSIVE;
				GCC_WARN_UNUSED_FUNCTION = YES;
				GCC_WARN_UNUSED_VARIABLE = YES;
				IPHONEOS_DEPLOYMENT_TARGET = 14.5;
				MTL_ENABLE_DEBUG_INFO = INCLUDE_SOURCE;
				MTL_FAST_MATH = YES;
				ONLY_ACTIVE_ARCH = YES;
				SDKROOT = iphoneos;
				SWIFT_ACTIVE_COMPILATION_CONDITIONS = DEBUG;
				SWIFT_OPTIMIZATION_LEVEL = "-Onone";
			};
			name = Debug;
		};
		FABCF842264D658100F1AA51 /* Release */ = {
			isa = XCBuildConfiguration;
			buildSettings = {
				ALWAYS_SEARCH_USER_PATHS = NO;
				CLANG_ANALYZER_NONNULL = YES;
				CLANG_ANALYZER_NUMBER_OBJECT_CONVERSION = YES_AGGRESSIVE;
				CLANG_CXX_LANGUAGE_STANDARD = "gnu++14";
				CLANG_CXX_LIBRARY = "libc++";
				CLANG_ENABLE_MODULES = YES;
				CLANG_ENABLE_OBJC_ARC = YES;
				CLANG_ENABLE_OBJC_WEAK = YES;
				CLANG_WARN_BLOCK_CAPTURE_AUTORELEASING = YES;
				CLANG_WARN_BOOL_CONVERSION = YES;
				CLANG_WARN_COMMA = YES;
				CLANG_WARN_CONSTANT_CONVERSION = YES;
				CLANG_WARN_DEPRECATED_OBJC_IMPLEMENTATIONS = YES;
				CLANG_WARN_DIRECT_OBJC_ISA_USAGE = YES_ERROR;
				CLANG_WARN_DOCUMENTATION_COMMENTS = YES;
				CLANG_WARN_EMPTY_BODY = YES;
				CLANG_WARN_ENUM_CONVERSION = YES;
				CLANG_WARN_INFINITE_RECURSION = YES;
				CLANG_WARN_INT_CONVERSION = YES;
				CLANG_WARN_NON_LITERAL_NULL_CONVERSION = YES;
				CLANG_WARN_OBJC_IMPLICIT_RETAIN_SELF = YES;
				CLANG_WARN_OBJC_LITERAL_CONVERSION = YES;
				CLANG_WARN_OBJC_ROOT_CLASS = YES_ERROR;
				CLANG_WARN_QUOTED_INCLUDE_IN_FRAMEWORK_HEADER = YES;
				CLANG_WARN_RANGE_LOOP_ANALYSIS = YES;
				CLANG_WARN_STRICT_PROTOTYPES = YES;
				CLANG_WARN_SUSPICIOUS_MOVE = YES;
				CLANG_WARN_UNGUARDED_AVAILABILITY = YES_AGGRESSIVE;
				CLANG_WARN_UNREACHABLE_CODE = YES;
				CLANG_WARN__DUPLICATE_METHOD_MATCH = YES;
				COPY_PHASE_STRIP = NO;
				DEBUG_INFORMATION_FORMAT = "dwarf-with-dsym";
				ENABLE_NS_ASSERTIONS = NO;
				ENABLE_STRICT_OBJC_MSGSEND = YES;
				GCC_C_LANGUAGE_STANDARD = gnu11;
				GCC_NO_COMMON_BLOCKS = YES;
				GCC_WARN_64_TO_32_BIT_CONVERSION = YES;
				GCC_WARN_ABOUT_RETURN_TYPE = YES_ERROR;
				GCC_WARN_UNDECLARED_SELECTOR = YES;
				GCC_WARN_UNINITIALIZED_AUTOS = YES_AGGRESSIVE;
				GCC_WARN_UNUSED_FUNCTION = YES;
				GCC_WARN_UNUSED_VARIABLE = YES;
				IPHONEOS_DEPLOYMENT_TARGET = 14.5;
				MTL_ENABLE_DEBUG_INFO = NO;
				MTL_FAST_MATH = YES;
				SDKROOT = iphoneos;
				SWIFT_COMPILATION_MODE = wholemodule;
				SWIFT_OPTIMIZATION_LEVEL = "-O";
				VALIDATE_PRODUCT = YES;
			};
			name = Release;
		};
		FABCF844264D658100F1AA51 /* Debug */ = {
			isa = XCBuildConfiguration;
			buildSettings = {
				ASSETCATALOG_COMPILER_APPICON_NAME = AppIcon;
				ASSETCATALOG_COMPILER_GLOBAL_ACCENT_COLOR_NAME = AccentColor;
				CODE_SIGN_STYLE = Automatic;
				INFOPLIST_FILE = Viper_test/Info.plist;
				LD_RUNPATH_SEARCH_PATHS = (
					"$(inherited)",
					"@executable_path/Frameworks",
				);
				PRODUCT_BUNDLE_IDENTIFIER = "techMeSkills.Viper-test";
				PRODUCT_NAME = "$(TARGET_NAME)";
				SWIFT_VERSION = 5.0;
				TARGETED_DEVICE_FAMILY = "1,2";
			};
			name = Debug;
		};
		FABCF845264D658100F1AA51 /* Release */ = {
			isa = XCBuildConfiguration;
			buildSettings = {
				ASSETCATALOG_COMPILER_APPICON_NAME = AppIcon;
				ASSETCATALOG_COMPILER_GLOBAL_ACCENT_COLOR_NAME = AccentColor;
				CODE_SIGN_STYLE = Automatic;
				INFOPLIST_FILE = Viper_test/Info.plist;
				LD_RUNPATH_SEARCH_PATHS = (
					"$(inherited)",
					"@executable_path/Frameworks",
				);
				PRODUCT_BUNDLE_IDENTIFIER = "techMeSkills.Viper-test";
				PRODUCT_NAME = "$(TARGET_NAME)";
				SWIFT_VERSION = 5.0;
				TARGETED_DEVICE_FAMILY = "1,2";
			};
			name = Release;
		};
/* End XCBuildConfiguration section */

/* Begin XCConfigurationList section */
		FABCF82A264D657D00F1AA51 /* Build configuration list for PBXProject "Viper_test" */ = {
			isa = XCConfigurationList;
			buildConfigurations = (
				FABCF841264D658100F1AA51 /* Debug */,
				FABCF842264D658100F1AA51 /* Release */,
			);
			defaultConfigurationIsVisible = 0;
			defaultConfigurationName = Release;
		};
		FABCF843264D658100F1AA51 /* Build configuration list for PBXNativeTarget "Viper_test" */ = {
			isa = XCConfigurationList;
			buildConfigurations = (
				FABCF844264D658100F1AA51 /* Debug */,
				FABCF845264D658100F1AA51 /* Release */,
			);
			defaultConfigurationIsVisible = 0;
			defaultConfigurationName = Release;
		};
/* End XCConfigurationList section */
	};
	rootObject = FABCF827264D657D00F1AA51 /* Project object */;
}
