// !$*UTF8*$!
{
	archiveVersion = 1;
	classes = {
	};
	objectVersion = 50;
	objects = {

/* Begin PBXBuildFile section */
		FA3139DE2638B8BA00DD7FE8 /* AppDelegate.swift in Sources */ = {isa = PBXBuildFile; fileRef = FA3139DD2638B8BA00DD7FE8 /* AppDelegate.swift */; };
		FA3139E02638B8BA00DD7FE8 /* SceneDelegate.swift in Sources */ = {isa = PBXBuildFile; fileRef = FA3139DF2638B8BA00DD7FE8 /* SceneDelegate.swift */; };
		FA3139E22638B8BA00DD7FE8 /* ViewController.swift in Sources */ = {isa = PBXBuildFile; fileRef = FA3139E12638B8BA00DD7FE8 /* ViewController.swift */; };
		FA3139E52638B8BA00DD7FE8 /* Main.storyboard in Resources */ = {isa = PBXBuildFile; fileRef = FA3139E32638B8BA00DD7FE8 /* Main.storyboard */; };
		FA3139E72638B8BE00DD7FE8 /* Assets.xcassets in Resources */ = {isa = PBXBuildFile; fileRef = FA3139E62638B8BE00DD7FE8 /* Assets.xcassets */; };
		FA3139EA2638B8BE00DD7FE8 /* LaunchScreen.storyboard in Resources */ = {isa = PBXBuildFile; fileRef = FA3139E82638B8BE00DD7FE8 /* LaunchScreen.storyboard */; };
		FA3139F42638C54C00DD7FE8 /* Bindable.swift in Sources */ = {isa = PBXBuildFile; fileRef = FA3139F32638C54C00DD7FE8 /* Bindable.swift */; };
		FA3139F72638C57900DD7FE8 /* ViewModel.swift in Sources */ = {isa = PBXBuildFile; fileRef = FA3139F62638C57900DD7FE8 /* ViewModel.swift */; };
		FA3139FA2638C59B00DD7FE8 /* VPN.swift in Sources */ = {isa = PBXBuildFile; fileRef = FA3139F92638C59B00DD7FE8 /* VPN.swift */; };
		FA3139FD2638CA7000DD7FE8 /* MenuViewController.swift in Sources */ = {isa = PBXBuildFile; fileRef = FA3139FC2638CA7000DD7FE8 /* MenuViewController.swift */; };
		FA313A012638CDDD00DD7FE8 /* VPNTableViewCell.swift in Sources */ = {isa = PBXBuildFile; fileRef = FA313A002638CDDD00DD7FE8 /* VPNTableViewCell.swift */; };
		FAAA0E1E26421ADD005EA234 /* Extension_Button.swift in Sources */ = {isa = PBXBuildFile; fileRef = FAAA0E1D26421ADD005EA234 /* Extension_Button.swift */; };
/* End PBXBuildFile section */

/* Begin PBXFileReference section */
		FA3139DA2638B8BA00DD7FE8 /* VPN_test_task.app */ = {isa = PBXFileReference; explicitFileType = wrapper.application; includeInIndex = 0; path = VPN_test_task.app; sourceTree = BUILT_PRODUCTS_DIR; };
		FA3139DD2638B8BA00DD7FE8 /* AppDelegate.swift */ = {isa = PBXFileReference; lastKnownFileType = sourcecode.swift; path = AppDelegate.swift; sourceTree = "<group>"; };
		FA3139DF2638B8BA00DD7FE8 /* SceneDelegate.swift */ = {isa = PBXFileReference; lastKnownFileType = sourcecode.swift; path = SceneDelegate.swift; sourceTree = "<group>"; };
		FA3139E12638B8BA00DD7FE8 /* ViewController.swift */ = {isa = PBXFileReference; lastKnownFileType = sourcecode.swift; path = ViewController.swift; sourceTree = "<group>"; };
		FA3139E42638B8BA00DD7FE8 /* Base */ = {isa = PBXFileReference; lastKnownFileType = file.storyboard; name = Base; path = Base.lproj/Main.storyboard; sourceTree = "<group>"; };
		FA3139E62638B8BE00DD7FE8 /* Assets.xcassets */ = {isa = PBXFileReference; lastKnownFileType = folder.assetcatalog; path = Assets.xcassets; sourceTree = "<group>"; };
		FA3139E92638B8BE00DD7FE8 /* Base */ = {isa = PBXFileReference; lastKnownFileType = file.storyboard; name = Base; path = Base.lproj/LaunchScreen.storyboard; sourceTree = "<group>"; };
		FA3139EB2638B8BE00DD7FE8 /* Info.plist */ = {isa = PBXFileReference; lastKnownFileType = text.plist.xml; path = Info.plist; sourceTree = "<group>"; };
		FA3139F32638C54C00DD7FE8 /* Bindable.swift */ = {isa = PBXFileReference; lastKnownFileType = sourcecode.swift; path = Bindable.swift; sourceTree = "<group>"; };
		FA3139F62638C57900DD7FE8 /* ViewModel.swift */ = {isa = PBXFileReference; lastKnownFileType = sourcecode.swift; path = ViewModel.swift; sourceTree = "<group>"; };
		FA3139F92638C59B00DD7FE8 /* VPN.swift */ = {isa = PBXFileReference; lastKnownFileType = sourcecode.swift; path = VPN.swift; sourceTree = "<group>"; };
		FA3139FC2638CA7000DD7FE8 /* MenuViewController.swift */ = {isa = PBXFileReference; lastKnownFileType = sourcecode.swift; path = MenuViewController.swift; sourceTree = "<group>"; };
		FA313A002638CDDD00DD7FE8 /* VPNTableViewCell.swift */ = {isa = PBXFileReference; lastKnownFileType = sourcecode.swift; path = VPNTableViewCell.swift; sourceTree = "<group>"; };
		FAAA0E1D26421ADD005EA234 /* Extension_Button.swift */ = {isa = PBXFileReference; lastKnownFileType = sourcecode.swift; path = Extension_Button.swift; sourceTree = "<group>"; };
/* End PBXFileReference section */

/* Begin PBXFrameworksBuildPhase section */
		FA3139D72638B8BA00DD7FE8 /* Frameworks */ = {
			isa = PBXFrameworksBuildPhase;
			buildActionMask = 2147483647;
			files = (
			);
			runOnlyForDeploymentPostprocessing = 0;
		};
/* End PBXFrameworksBuildPhase section */

/* Begin PBXGroup section */
		FA3139D12638B8B900DD7FE8 = {
			isa = PBXGroup;
			children = (
				FA3139DC2638B8BA00DD7FE8 /* VPN_test_task */,
				FA3139DB2638B8BA00DD7FE8 /* Products */,
			);
			sourceTree = "<group>";
		};
		FA3139DB2638B8BA00DD7FE8 /* Products */ = {
			isa = PBXGroup;
			children = (
				FA3139DA2638B8BA00DD7FE8 /* VPN_test_task.app */,
			);
			name = Products;
			sourceTree = "<group>";
		};
		FA3139DC2638B8BA00DD7FE8 /* VPN_test_task */ = {
			isa = PBXGroup;
			children = (
				FA3139DD2638B8BA00DD7FE8 /* AppDelegate.swift */,
				FA3139DF2638B8BA00DD7FE8 /* SceneDelegate.swift */,
				FA3139E12638B8BA00DD7FE8 /* ViewController.swift */,
				FA3139E32638B8BA00DD7FE8 /* Main.storyboard */,
				FA3139FC2638CA7000DD7FE8 /* MenuViewController.swift */,
				FA313A002638CDDD00DD7FE8 /* VPNTableViewCell.swift */,
				FA3139E62638B8BE00DD7FE8 /* Assets.xcassets */,
				FA3139E82638B8BE00DD7FE8 /* LaunchScreen.storyboard */,
				FA3139EB2638B8BE00DD7FE8 /* Info.plist */,
				FA3139F32638C54C00DD7FE8 /* Bindable.swift */,
				FA3139F62638C57900DD7FE8 /* ViewModel.swift */,
				FA3139F92638C59B00DD7FE8 /* VPN.swift */,
				FAAA0E1D26421ADD005EA234 /* Extension_Button.swift */,
			);
			path = VPN_test_task;
			sourceTree = "<group>";
		};
/* End PBXGroup section */

/* Begin PBXNativeTarget section */
		FA3139D92638B8BA00DD7FE8 /* VPN_test_task */ = {
			isa = PBXNativeTarget;
			buildConfigurationList = FA3139EE2638B8BE00DD7FE8 /* Build configuration list for PBXNativeTarget "VPN_test_task" */;
			buildPhases = (
				FA3139D62638B8BA00DD7FE8 /* Sources */,
				FA3139D72638B8BA00DD7FE8 /* Frameworks */,
				FA3139D82638B8BA00DD7FE8 /* Resources */,
			);
			buildRules = (
			);
			dependencies = (
			);
			name = VPN_test_task;
			productName = VPN_test_task;
			productReference = FA3139DA2638B8BA00DD7FE8 /* VPN_test_task.app */;
			productType = "com.apple.product-type.application";
		};
/* End PBXNativeTarget section */

/* Begin PBXProject section */
		FA3139D22638B8B900DD7FE8 /* Project object */ = {
			isa = PBXProject;
			attributes = {
				LastSwiftUpdateCheck = 1240;
				LastUpgradeCheck = 1240;
				TargetAttributes = {
					FA3139D92638B8BA00DD7FE8 = {
						CreatedOnToolsVersion = 12.4;
					};
				};
			};
			buildConfigurationList = FA3139D52638B8B900DD7FE8 /* Build configuration list for PBXProject "VPN_test_task" */;
			compatibilityVersion = "Xcode 9.3";
			developmentRegion = en;
			hasScannedForEncodings = 0;
			knownRegions = (
				en,
				Base,
			);
			mainGroup = FA3139D12638B8B900DD7FE8;
			productRefGroup = FA3139DB2638B8BA00DD7FE8 /* Products */;
			projectDirPath = "";
			projectRoot = "";
			targets = (
				FA3139D92638B8BA00DD7FE8 /* VPN_test_task */,
			);
		};
/* End PBXProject section */

/* Begin PBXResourcesBuildPhase section */
		FA3139D82638B8BA00DD7FE8 /* Resources */ = {
			isa = PBXResourcesBuildPhase;
			buildActionMask = 2147483647;
			files = (
				FA3139EA2638B8BE00DD7FE8 /* LaunchScreen.storyboard in Resources */,
				FA3139E72638B8BE00DD7FE8 /* Assets.xcassets in Resources */,
				FA3139E52638B8BA00DD7FE8 /* Main.storyboard in Resources */,
			);
			runOnlyForDeploymentPostprocessing = 0;
		};
/* End PBXResourcesBuildPhase section */

/* Begin PBXSourcesBuildPhase section */
		FA3139D62638B8BA00DD7FE8 /* Sources */ = {
			isa = PBXSourcesBuildPhase;
			buildActionMask = 2147483647;
			files = (
				FA313A012638CDDD00DD7FE8 /* VPNTableViewCell.swift in Sources */,
				FA3139FA2638C59B00DD7FE8 /* VPN.swift in Sources */,
				FA3139F72638C57900DD7FE8 /* ViewModel.swift in Sources */,
				FA3139E22638B8BA00DD7FE8 /* ViewController.swift in Sources */,
				FA3139FD2638CA7000DD7FE8 /* MenuViewController.swift in Sources */,
				FA3139DE2638B8BA00DD7FE8 /* AppDelegate.swift in Sources */,
				FA3139F42638C54C00DD7FE8 /* Bindable.swift in Sources */,
				FA3139E02638B8BA00DD7FE8 /* SceneDelegate.swift in Sources */,
				FAAA0E1E26421ADD005EA234 /* Extension_Button.swift in Sources */,
			);
			runOnlyForDeploymentPostprocessing = 0;
		};
/* End PBXSourcesBuildPhase section */

/* Begin PBXVariantGroup section */
		FA3139E32638B8BA00DD7FE8 /* Main.storyboard */ = {
			isa = PBXVariantGroup;
			children = (
				FA3139E42638B8BA00DD7FE8 /* Base */,
			);
			name = Main.storyboard;
			sourceTree = "<group>";
		};
		FA3139E82638B8BE00DD7FE8 /* LaunchScreen.storyboard */ = {
			isa = PBXVariantGroup;
			children = (
				FA3139E92638B8BE00DD7FE8 /* Base */,
			);
			name = LaunchScreen.storyboard;
			sourceTree = "<group>";
		};
/* End PBXVariantGroup section */

/* Begin XCBuildConfiguration section */
		FA3139EC2638B8BE00DD7FE8 /* Debug */ = {
			isa = XCBuildConfiguration;
			buildSettings = {
				ALWAYS_SEARCH_USER_PATHS = NO;
				CLANG_ANALYZER_NONNULL = YES;
				CLANG_ANALYZER_NUMBER_OBJECT_CONVERSION = YES_AGGRESSIVE;
				CLANG_CXX_LANGUAGE_STANDARD = "gnu++14";
				CLANG_CXX_LIBRARY = "libc++";
				CLANG_ENABLE_MODULES = YES;
				CLANG_ENABLE_OBJC_ARC = YES;
				CLANG_ENABLE_OBJC_WEAK = YES;
				CLANG_WARN_BLOCK_CAPTURE_AUTORELEASING = YES;
				CLANG_WARN_BOOL_CONVERSION = YES;
				CLANG_WARN_COMMA = YES;
				CLANG_WARN_CONSTANT_CONVERSION = YES;
				CLANG_WARN_DEPRECATED_OBJC_IMPLEMENTATIONS = YES;
				CLANG_WARN_DIRECT_OBJC_ISA_USAGE = YES_ERROR;
				CLANG_WARN_DOCUMENTATION_COMMENTS = YES;
				CLANG_WARN_EMPTY_BODY = YES;
				CLANG_WARN_ENUM_CONVERSION = YES;
				CLANG_WARN_INFINITE_RECURSION = YES;
				CLANG_WARN_INT_CONVERSION = YES;
				CLANG_WARN_NON_LITERAL_NULL_CONVERSION = YES;
				CLANG_WARN_OBJC_IMPLICIT_RETAIN_SELF = YES;
				CLANG_WARN_OBJC_LITERAL_CONVERSION = YES;
				CLANG_WARN_OBJC_ROOT_CLASS = YES_ERROR;
				CLANG_WARN_QUOTED_INCLUDE_IN_FRAMEWORK_HEADER = YES;
				CLANG_WARN_RANGE_LOOP_ANALYSIS = YES;
				CLANG_WARN_STRICT_PROTOTYPES = YES;
				CLANG_WARN_SUSPICIOUS_MOVE = YES;
				CLANG_WARN_UNGUARDED_AVAILABILITY = YES_AGGRESSIVE;
				CLANG_WARN_UNREACHABLE_CODE = YES;
				CLANG_WARN__DUPLICATE_METHOD_MATCH = YES;
				COPY_PHASE_STRIP = NO;
				DEBUG_INFORMATION_FORMAT = dwarf;
				ENABLE_STRICT_OBJC_MSGSEND = YES;
				ENABLE_TESTABILITY = YES;
				GCC_C_LANGUAGE_STANDARD = gnu11;
				GCC_DYNAMIC_NO_PIC = NO;
				GCC_NO_COMMON_BLOCKS = YES;
				GCC_OPTIMIZATION_LEVEL = 0;
				GCC_PREPROCESSOR_DEFINITIONS = (
					"DEBUG=1",
					"$(inherited)",
				);
				GCC_WARN_64_TO_32_BIT_CONVERSION = YES;
				GCC_WARN_ABOUT_RETURN_TYPE = YES_ERROR;
				GCC_WARN_UNDECLARED_SELECTOR = YES;
				GCC_WARN_UNINITIALIZED_AUTOS = YES_AGGRESSIVE;
				GCC_WARN_UNUSED_FUNCTION = YES;
				GCC_WARN_UNUSED_VARIABLE = YES;
				IPHONEOS_DEPLOYMENT_TARGET = 14.4;
				MTL_ENABLE_DEBUG_INFO = INCLUDE_SOURCE;
				MTL_FAST_MATH = YES;
				ONLY_ACTIVE_ARCH = YES;
				SDKROOT = iphoneos;
				SWIFT_ACTIVE_COMPILATION_CONDITIONS = DEBUG;
				SWIFT_OPTIMIZATION_LEVEL = "-Onone";
			};
			name = Debug;
		};
		FA3139ED2638B8BE00DD7FE8 /* Release */ = {
			isa = XCBuildConfiguration;
			buildSettings = {
				ALWAYS_SEARCH_USER_PATHS = NO;
				CLANG_ANALYZER_NONNULL = YES;
				CLANG_ANALYZER_NUMBER_OBJECT_CONVERSION = YES_AGGRESSIVE;
				CLANG_CXX_LANGUAGE_STANDARD = "gnu++14";
				CLANG_CXX_LIBRARY = "libc++";
				CLANG_ENABLE_MODULES = YES;
				CLANG_ENABLE_OBJC_ARC = YES;
				CLANG_ENABLE_OBJC_WEAK = YES;
				CLANG_WARN_BLOCK_CAPTURE_AUTORELEASING = YES;
				CLANG_WARN_BOOL_CONVERSION = YES;
				CLANG_WARN_COMMA = YES;
				CLANG_WARN_CONSTANT_CONVERSION = YES;
				CLANG_WARN_DEPRECATED_OBJC_IMPLEMENTATIONS = YES;
				CLANG_WARN_DIRECT_OBJC_ISA_USAGE = YES_ERROR;
				CLANG_WARN_DOCUMENTATION_COMMENTS = YES;
				CLANG_WARN_EMPTY_BODY = YES;
				CLANG_WARN_ENUM_CONVERSION = YES;
				CLANG_WARN_INFINITE_RECURSION = YES;
				CLANG_WARN_INT_CONVERSION = YES;
				CLANG_WARN_NON_LITERAL_NULL_CONVERSION = YES;
				CLANG_WARN_OBJC_IMPLICIT_RETAIN_SELF = YES;
				CLANG_WARN_OBJC_LITERAL_CONVERSION = YES;
				CLANG_WARN_OBJC_ROOT_CLASS = YES_ERROR;
				CLANG_WARN_QUOTED_INCLUDE_IN_FRAMEWORK_HEADER = YES;
				CLANG_WARN_RANGE_LOOP_ANALYSIS = YES;
				CLANG_WARN_STRICT_PROTOTYPES = YES;
				CLANG_WARN_SUSPICIOUS_MOVE = YES;
				CLANG_WARN_UNGUARDED_AVAILABILITY = YES_AGGRESSIVE;
				CLANG_WARN_UNREACHABLE_CODE = YES;
				CLANG_WARN__DUPLICATE_METHOD_MATCH = YES;
				COPY_PHASE_STRIP = NO;
				DEBUG_INFORMATION_FORMAT = "dwarf-with-dsym";
				ENABLE_NS_ASSERTIONS = NO;
				ENABLE_STRICT_OBJC_MSGSEND = YES;
				GCC_C_LANGUAGE_STANDARD = gnu11;
				GCC_NO_COMMON_BLOCKS = YES;
				GCC_WARN_64_TO_32_BIT_CONVERSION = YES;
				GCC_WARN_ABOUT_RETURN_TYPE = YES_ERROR;
				GCC_WARN_UNDECLARED_SELECTOR = YES;
				GCC_WARN_UNINITIALIZED_AUTOS = YES_AGGRESSIVE;
				GCC_WARN_UNUSED_FUNCTION = YES;
				GCC_WARN_UNUSED_VARIABLE = YES;
				IPHONEOS_DEPLOYMENT_TARGET = 14.4;
				MTL_ENABLE_DEBUG_INFO = NO;
				MTL_FAST_MATH = YES;
				SDKROOT = iphoneos;
				SWIFT_COMPILATION_MODE = wholemodule;
				SWIFT_OPTIMIZATION_LEVEL = "-O";
				VALIDATE_PRODUCT = YES;
			};
			name = Release;
		};
		FA3139EF2638B8BE00DD7FE8 /* Debug */ = {
			isa = XCBuildConfiguration;
			buildSettings = {
				ASSETCATALOG_COMPILER_APPICON_NAME = AppIcon;
				ASSETCATALOG_COMPILER_GLOBAL_ACCENT_COLOR_NAME = AccentColor;
				CODE_SIGN_STYLE = Automatic;
				DEVELOPMENT_TEAM = 9AWTDG34C4;
				INFOPLIST_FILE = VPN_test_task/Info.plist;
				LD_RUNPATH_SEARCH_PATHS = (
					"$(inherited)",
					"@executable_path/Frameworks",
				);
				PRODUCT_BUNDLE_IDENTIFIER = "techMeSkills.VPN-test-task";
				PRODUCT_NAME = "$(TARGET_NAME)";
				SWIFT_VERSION = 5.0;
				TARGETED_DEVICE_FAMILY = "1,2";
			};
			name = Debug;
		};
		FA3139F02638B8BE00DD7FE8 /* Release */ = {
			isa = XCBuildConfiguration;
			buildSettings = {
				ASSETCATALOG_COMPILER_APPICON_NAME = AppIcon;
				ASSETCATALOG_COMPILER_GLOBAL_ACCENT_COLOR_NAME = AccentColor;
				CODE_SIGN_STYLE = Automatic;
				DEVELOPMENT_TEAM = 9AWTDG34C4;
				INFOPLIST_FILE = VPN_test_task/Info.plist;
				LD_RUNPATH_SEARCH_PATHS = (
					"$(inherited)",
					"@executable_path/Frameworks",
				);
				PRODUCT_BUNDLE_IDENTIFIER = "techMeSkills.VPN-test-task";
				PRODUCT_NAME = "$(TARGET_NAME)";
				SWIFT_VERSION = 5.0;
				TARGETED_DEVICE_FAMILY = "1,2";
			};
			name = Release;
		};
/* End XCBuildConfiguration section */

/* Begin XCConfigurationList section */
		FA3139D52638B8B900DD7FE8 /* Build configuration list for PBXProject "VPN_test_task" */ = {
			isa = XCConfigurationList;
			buildConfigurations = (
				FA3139EC2638B8BE00DD7FE8 /* Debug */,
				FA3139ED2638B8BE00DD7FE8 /* Release */,
			);
			defaultConfigurationIsVisible = 0;
			defaultConfigurationName = Release;
		};
		FA3139EE2638B8BE00DD7FE8 /* Build configuration list for PBXNativeTarget "VPN_test_task" */ = {
			isa = XCConfigurationList;
			buildConfigurations = (
				FA3139EF2638B8BE00DD7FE8 /* Debug */,
				FA3139F02638B8BE00DD7FE8 /* Release */,
			);
			defaultConfigurationIsVisible = 0;
			defaultConfigurationName = Release;
		};
/* End XCConfigurationList section */
	};
	rootObject = FA3139D22638B8B900DD7FE8 /* Project object */;
}
